
Microsoft Visual Studio Solution File, Format Version 12.00
# Visual Studio Version 16
VisualStudioVersion = 16.0.29509.3
MinimumVisualStudioVersion = 10.0.40219.1
Project("{FAE04EC0-301F-11D3-BF4B-00C04F79EFBC}") = "ReadBinary", "ReadBinary\ReadBinary.csproj", "{229CD255-401D-4652-AD1F-36BC87D75DC6}"
EndProject
Project("{FAE04EC0-301F-11D3-BF4B-00C04F79EFBC}") = "ShowData", "ShowData\ShowData.csproj", "{CD72EB8C-4EFC-4564-AB7F-8B00874C9214}"
EndProject
Project("{FAE04EC0-301F-11D3-BF4B-00C04F79EFBC}") = "DefineAlert", "DefineAlert\DefineAlert.csproj", "{14EE035A-74B3-46F7-AE85-7F030074D482}"
EndProject
Project("{FAE04EC0-301F-11D3-BF4B-00C04F79EFBC}") = "SensorsDBAPI", "SensorsDBAPI\SensorsDBAPI.csproj", "{82B26966-C5B5-4627-ACE3-6854669E1A55}"
EndProject
Global
	GlobalSection(SolutionConfigurationPlatforms) = preSolution
		Debug|Any CPU = Debug|Any CPU
		Release|Any CPU = Release|Any CPU
	EndGlobalSection
	GlobalSection(ProjectConfigurationPlatforms) = postSolution
		{229CD255-401D-4652-AD1F-36BC87D75DC6}.Debug|Any CPU.ActiveCfg = Debug|Any CPU
		{229CD255-401D-4652-AD1F-36BC87D75DC6}.Debug|Any CPU.Build.0 = Debug|Any CPU
		{229CD255-401D-4652-AD1F-36BC87D75DC6}.Release|Any CPU.ActiveCfg = Release|Any CPU
		{229CD255-401D-4652-AD1F-36BC87D75DC6}.Release|Any CPU.Build.0 = Release|Any CPU
		{CD72EB8C-4EFC-4564-AB7F-8B00874C9214}.Debug|Any CPU.ActiveCfg = Debug|Any CPU
		{CD72EB8C-4EFC-4564-AB7F-8B00874C9214}.Debug|Any CPU.Build.0 = Debug|Any CPU
		{CD72EB8C-4EFC-4564-AB7F-8B00874C9214}.Release|Any CPU.ActiveCfg = Release|Any CPU
		{CD72EB8C-4EFC-4564-AB7F-8B00874C9214}.Release|Any CPU.Build.0 = Release|Any CPU
		{14EE035A-74B3-46F7-AE85-7F030074D482}.Debug|Any CPU.ActiveCfg = Debug|Any CPU
		{14EE035A-74B3-46F7-AE85-7F030074D482}.Debug|Any CPU.Build.0 = Debug|Any CPU
		{14EE035A-74B3-46F7-AE85-7F030074D482}.Release|Any CPU.ActiveCfg = Release|Any CPU
		{14EE035A-74B3-46F7-AE85-7F030074D482}.Release|Any CPU.Build.0 = Release|Any CPU
		{82B26966-C5B5-4627-ACE3-6854669E1A55}.Debug|Any CPU.ActiveCfg = Debug|Any CPU
		{82B26966-C5B5-4627-ACE3-6854669E1A55}.Debug|Any CPU.Build.0 = Debug|Any CPU
		{82B26966-C5B5-4627-ACE3-6854669E1A55}.Release|Any CPU.ActiveCfg = Release|Any CPU
		{82B26966-C5B5-4627-ACE3-6854669E1A55}.Release|Any CPU.Build.0 = Release|Any CPU
	EndGlobalSection
	GlobalSection(SolutionProperties) = preSolution
		HideSolutionNode = FALSE
	EndGlobalSection
	GlobalSection(ExtensibilityGlobals) = postSolution
		SolutionGuid = {1CD69171-3D23-4A58-98F0-7187D6E249D4}
	EndGlobalSection
EndGlobal
