
Microsoft Visual Studio Solution File, Format Version 12.00
# Visual Studio Version 16
VisualStudioVersion = 16.0.29509.3
MinimumVisualStudioVersion = 10.0.40219.1
Project("{FAE04EC0-301F-11D3-BF4B-00C04F79EFBC}") = "ReadBinary", "ReadBinary\ReadBinary.csproj", "{229CD255-401D-4652-AD1F-36BC87D75DC6}"
EndProject
Global
	GlobalSection(SolutionConfigurationPlatforms) = preSolution
		Debug|Any CPU = Debug|Any CPU
		Release|Any CPU = Release|Any CPU
	EndGlobalSection
	GlobalSection(ProjectConfigurationPlatforms) = postSolution
		{229CD255-401D-4652-AD1F-36BC87D75DC6}.Debug|Any CPU.ActiveCfg = Debug|Any CPU
		{229CD255-401D-4652-AD1F-36BC87D75DC6}.Debug|Any CPU.Build.0 = Debug|Any CPU
		{229CD255-401D-4652-AD1F-36BC87D75DC6}.Release|Any CPU.ActiveCfg = Release|Any CPU
		{229CD255-401D-4652-AD1F-36BC87D75DC6}.Release|Any CPU.Build.0 = Release|Any CPU
	EndGlobalSection
	GlobalSection(SolutionProperties) = preSolution
		HideSolutionNode = FALSE
	EndGlobalSection
	GlobalSection(ExtensibilityGlobals) = postSolution
		SolutionGuid = {1CD69171-3D23-4A58-98F0-7187D6E249D4}
	EndGlobalSection
EndGlobal
